// !$*UTF8*$!
{
	archiveVersion = 1;
	classes = {
	};
	objectVersion = 46;
	objects = {

/* Begin PBXBuildFile section */
		3D1917501D21A5F30076DE42 /* AppDelegate.swift in Sources */ = {isa = PBXBuildFile; fileRef = 3D19174F1D21A5F30076DE42 /* AppDelegate.swift */; };
		3D1917521D21A5F30076DE42 /* ViewController.swift in Sources */ = {isa = PBXBuildFile; fileRef = 3D1917511D21A5F30076DE42 /* ViewController.swift */; };
		3D1917551D21A5F30076DE42 /* Main.storyboard in Resources */ = {isa = PBXBuildFile; fileRef = 3D1917531D21A5F30076DE42 /* Main.storyboard */; };
		3D1917571D21A5F30076DE42 /* Assets.xcassets in Resources */ = {isa = PBXBuildFile; fileRef = 3D1917561D21A5F30076DE42 /* Assets.xcassets */; };
		3D19175A1D21A5F30076DE42 /* LaunchScreen.storyboard in Resources */ = {isa = PBXBuildFile; fileRef = 3D1917581D21A5F30076DE42 /* LaunchScreen.storyboard */; };
		3D1917651D21A5F40076DE42 /* SevenSegmentTests.swift in Sources */ = {isa = PBXBuildFile; fileRef = 3D1917641D21A5F40076DE42 /* SevenSegmentTests.swift */; };
		3D1917701D21A5F40076DE42 /* SevenSegmentUITests.swift in Sources */ = {isa = PBXBuildFile; fileRef = 3D19176F1D21A5F40076DE42 /* SevenSegmentUITests.swift */; };
		3D1917821D21A65D0076DE42 /* SevenSegmentDigit.swift in Sources */ = {isa = PBXBuildFile; fileRef = 3D1917811D21A65D0076DE42 /* SevenSegmentDigit.swift */; };
		3D1917841D21A66C0076DE42 /* SevenSegmentPanel.swift in Sources */ = {isa = PBXBuildFile; fileRef = 3D1917831D21A66C0076DE42 /* SevenSegmentPanel.swift */; };
/* End PBXBuildFile section */

/* Begin PBXContainerItemProxy section */
		3D1917611D21A5F40076DE42 /* PBXContainerItemProxy */ = {
			isa = PBXContainerItemProxy;
			containerPortal = 3D1917441D21A5F30076DE42 /* Project object */;
			proxyType = 1;
			remoteGlobalIDString = 3D19174B1D21A5F30076DE42;
			remoteInfo = SevenSegment;
		};
		3D19176C1D21A5F40076DE42 /* PBXContainerItemProxy */ = {
			isa = PBXContainerItemProxy;
			containerPortal = 3D1917441D21A5F30076DE42 /* Project object */;
			proxyType = 1;
			remoteGlobalIDString = 3D19174B1D21A5F30076DE42;
			remoteInfo = SevenSegment;
		};
/* End PBXContainerItemProxy section */

/* Begin PBXFileReference section */
		3D19174C1D21A5F30076DE42 /* SevenSegment.app */ = {isa = PBXFileReference; explicitFileType = wrapper.application; includeInIndex = 0; path = SevenSegment.app; sourceTree = BUILT_PRODUCTS_DIR; };
		3D19174F1D21A5F30076DE42 /* AppDelegate.swift */ = {isa = PBXFileReference; lastKnownFileType = sourcecode.swift; path = AppDelegate.swift; sourceTree = "<group>"; };
		3D1917511D21A5F30076DE42 /* ViewController.swift */ = {isa = PBXFileReference; lastKnownFileType = sourcecode.swift; path = ViewController.swift; sourceTree = "<group>"; };
		3D1917541D21A5F30076DE42 /* Base */ = {isa = PBXFileReference; lastKnownFileType = file.storyboard; name = Base; path = Base.lproj/Main.storyboard; sourceTree = "<group>"; };
		3D1917561D21A5F30076DE42 /* Assets.xcassets */ = {isa = PBXFileReference; lastKnownFileType = folder.assetcatalog; path = Assets.xcassets; sourceTree = "<group>"; };
		3D1917591D21A5F30076DE42 /* Base */ = {isa = PBXFileReference; lastKnownFileType = file.storyboard; name = Base; path = Base.lproj/LaunchScreen.storyboard; sourceTree = "<group>"; };
		3D19175B1D21A5F30076DE42 /* Info.plist */ = {isa = PBXFileReference; lastKnownFileType = text.plist.xml; path = Info.plist; sourceTree = "<group>"; };
		3D1917601D21A5F40076DE42 /* SevenSegmentTests.xctest */ = {isa = PBXFileReference; explicitFileType = wrapper.cfbundle; includeInIndex = 0; path = SevenSegmentTests.xctest; sourceTree = BUILT_PRODUCTS_DIR; };
		3D1917641D21A5F40076DE42 /* SevenSegmentTests.swift */ = {isa = PBXFileReference; lastKnownFileType = sourcecode.swift; path = SevenSegmentTests.swift; sourceTree = "<group>"; };
		3D1917661D21A5F40076DE42 /* Info.plist */ = {isa = PBXFileReference; lastKnownFileType = text.plist.xml; path = Info.plist; sourceTree = "<group>"; };
		3D19176B1D21A5F40076DE42 /* SevenSegmentUITests.xctest */ = {isa = PBXFileReference; explicitFileType = wrapper.cfbundle; includeInIndex = 0; path = SevenSegmentUITests.xctest; sourceTree = BUILT_PRODUCTS_DIR; };
		3D19176F1D21A5F40076DE42 /* SevenSegmentUITests.swift */ = {isa = PBXFileReference; lastKnownFileType = sourcecode.swift; path = SevenSegmentUITests.swift; sourceTree = "<group>"; };
		3D1917711D21A5F40076DE42 /* Info.plist */ = {isa = PBXFileReference; lastKnownFileType = text.plist.xml; path = Info.plist; sourceTree = "<group>"; };
		3D1917811D21A65D0076DE42 /* SevenSegmentDigit.swift */ = {isa = PBXFileReference; fileEncoding = 4; lastKnownFileType = sourcecode.swift; path = SevenSegmentDigit.swift; sourceTree = "<group>"; };
		3D1917831D21A66C0076DE42 /* SevenSegmentPanel.swift */ = {isa = PBXFileReference; fileEncoding = 4; lastKnownFileType = sourcecode.swift; path = SevenSegmentPanel.swift; sourceTree = "<group>"; };
/* End PBXFileReference section */

/* Begin PBXFrameworksBuildPhase section */
		3D1917491D21A5F30076DE42 /* Frameworks */ = {
			isa = PBXFrameworksBuildPhase;
			buildActionMask = 2147483647;
			files = (
			);
			runOnlyForDeploymentPostprocessing = 0;
		};
		3D19175D1D21A5F40076DE42 /* Frameworks */ = {
			isa = PBXFrameworksBuildPhase;
			buildActionMask = 2147483647;
			files = (
			);
			runOnlyForDeploymentPostprocessing = 0;
		};
		3D1917681D21A5F40076DE42 /* Frameworks */ = {
			isa = PBXFrameworksBuildPhase;
			buildActionMask = 2147483647;
			files = (
			);
			runOnlyForDeploymentPostprocessing = 0;
		};
/* End PBXFrameworksBuildPhase section */

/* Begin PBXGroup section */
		3D1917431D21A5F30076DE42 = {
			isa = PBXGroup;
			children = (
				3D19174E1D21A5F30076DE42 /* SevenSegment */,
				3D1917631D21A5F40076DE42 /* SevenSegmentTests */,
				3D19176E1D21A5F40076DE42 /* SevenSegmentUITests */,
				3D19174D1D21A5F30076DE42 /* Products */,
			);
			sourceTree = "<group>";
		};
		3D19174D1D21A5F30076DE42 /* Products */ = {
			isa = PBXGroup;
			children = (
				3D19174C1D21A5F30076DE42 /* SevenSegment.app */,
				3D1917601D21A5F40076DE42 /* SevenSegmentTests.xctest */,
				3D19176B1D21A5F40076DE42 /* SevenSegmentUITests.xctest */,
			);
			name = Products;
			sourceTree = "<group>";
		};
		3D19174E1D21A5F30076DE42 /* SevenSegment */ = {
			isa = PBXGroup;
			children = (
				3D19174F1D21A5F30076DE42 /* AppDelegate.swift */,
				3D1917511D21A5F30076DE42 /* ViewController.swift */,
				3D1917531D21A5F30076DE42 /* Main.storyboard */,
				3D1917561D21A5F30076DE42 /* Assets.xcassets */,
				3D1917581D21A5F30076DE42 /* LaunchScreen.storyboard */,
				3D19175B1D21A5F30076DE42 /* Info.plist */,
				3D1917811D21A65D0076DE42 /* SevenSegmentDigit.swift */,
				3D1917831D21A66C0076DE42 /* SevenSegmentPanel.swift */,
			);
			path = SevenSegment;
			sourceTree = "<group>";
		};
		3D1917631D21A5F40076DE42 /* SevenSegmentTests */ = {
			isa = PBXGroup;
			children = (
				3D1917641D21A5F40076DE42 /* SevenSegmentTests.swift */,
				3D1917661D21A5F40076DE42 /* Info.plist */,
			);
			path = SevenSegmentTests;
			sourceTree = "<group>";
		};
		3D19176E1D21A5F40076DE42 /* SevenSegmentUITests */ = {
			isa = PBXGroup;
			children = (
				3D19176F1D21A5F40076DE42 /* SevenSegmentUITests.swift */,
				3D1917711D21A5F40076DE42 /* Info.plist */,
			);
			path = SevenSegmentUITests;
			sourceTree = "<group>";
		};
/* End PBXGroup section */

/* Begin PBXNativeTarget section */
		3D19174B1D21A5F30076DE42 /* SevenSegment */ = {
			isa = PBXNativeTarget;
			buildConfigurationList = 3D1917741D21A5F40076DE42 /* Build configuration list for PBXNativeTarget "SevenSegment" */;
			buildPhases = (
				3D1917481D21A5F30076DE42 /* Sources */,
				3D1917491D21A5F30076DE42 /* Frameworks */,
				3D19174A1D21A5F30076DE42 /* Resources */,
			);
			buildRules = (
			);
			dependencies = (
			);
			name = SevenSegment;
			productName = SevenSegment;
			productReference = 3D19174C1D21A5F30076DE42 /* SevenSegment.app */;
			productType = "com.apple.product-type.application";
		};
		3D19175F1D21A5F40076DE42 /* SevenSegmentTests */ = {
			isa = PBXNativeTarget;
			buildConfigurationList = 3D1917771D21A5F40076DE42 /* Build configuration list for PBXNativeTarget "SevenSegmentTests" */;
			buildPhases = (
				3D19175C1D21A5F40076DE42 /* Sources */,
				3D19175D1D21A5F40076DE42 /* Frameworks */,
				3D19175E1D21A5F40076DE42 /* Resources */,
			);
			buildRules = (
			);
			dependencies = (
				3D1917621D21A5F40076DE42 /* PBXTargetDependency */,
			);
			name = SevenSegmentTests;
			productName = SevenSegmentTests;
			productReference = 3D1917601D21A5F40076DE42 /* SevenSegmentTests.xctest */;
			productType = "com.apple.product-type.bundle.unit-test";
		};
		3D19176A1D21A5F40076DE42 /* SevenSegmentUITests */ = {
			isa = PBXNativeTarget;
			buildConfigurationList = 3D19177A1D21A5F40076DE42 /* Build configuration list for PBXNativeTarget "SevenSegmentUITests" */;
			buildPhases = (
				3D1917671D21A5F40076DE42 /* Sources */,
				3D1917681D21A5F40076DE42 /* Frameworks */,
				3D1917691D21A5F40076DE42 /* Resources */,
			);
			buildRules = (
			);
			dependencies = (
				3D19176D1D21A5F40076DE42 /* PBXTargetDependency */,
			);
			name = SevenSegmentUITests;
			productName = SevenSegmentUITests;
			productReference = 3D19176B1D21A5F40076DE42 /* SevenSegmentUITests.xctest */;
			productType = "com.apple.product-type.bundle.ui-testing";
		};
/* End PBXNativeTarget section */

/* Begin PBXProject section */
		3D1917441D21A5F30076DE42 /* Project object */ = {
			isa = PBXProject;
			attributes = {
				LastSwiftUpdateCheck = 0730;
				LastUpgradeCheck = 0730;
				ORGANIZATIONNAME = "Ahmed Hamdy";
				TargetAttributes = {
					3D19174B1D21A5F30076DE42 = {
						CreatedOnToolsVersion = 7.3;
					};
					3D19175F1D21A5F40076DE42 = {
						CreatedOnToolsVersion = 7.3;
						TestTargetID = 3D19174B1D21A5F30076DE42;
					};
					3D19176A1D21A5F40076DE42 = {
						CreatedOnToolsVersion = 7.3;
						TestTargetID = 3D19174B1D21A5F30076DE42;
					};
				};
			};
			buildConfigurationList = 3D1917471D21A5F30076DE42 /* Build configuration list for PBXProject "SevenSegment" */;
			compatibilityVersion = "Xcode 3.2";
			developmentRegion = English;
			hasScannedForEncodings = 0;
			knownRegions = (
				en,
				Base,
			);
			mainGroup = 3D1917431D21A5F30076DE42;
			productRefGroup = 3D19174D1D21A5F30076DE42 /* Products */;
			projectDirPath = "";
			projectRoot = "";
			targets = (
				3D19174B1D21A5F30076DE42 /* SevenSegment */,
				3D19175F1D21A5F40076DE42 /* SevenSegmentTests */,
				3D19176A1D21A5F40076DE42 /* SevenSegmentUITests */,
			);
		};
/* End PBXProject section */

/* Begin PBXResourcesBuildPhase section */
		3D19174A1D21A5F30076DE42 /* Resources */ = {
			isa = PBXResourcesBuildPhase;
			buildActionMask = 2147483647;
			files = (
				3D19175A1D21A5F30076DE42 /* LaunchScreen.storyboard in Resources */,
				3D1917571D21A5F30076DE42 /* Assets.xcassets in Resources */,
				3D1917551D21A5F30076DE42 /* Main.storyboard in Resources */,
			);
			runOnlyForDeploymentPostprocessing = 0;
		};
		3D19175E1D21A5F40076DE42 /* Resources */ = {
			isa = PBXResourcesBuildPhase;
			buildActionMask = 2147483647;
			files = (
			);
			runOnlyForDeploymentPostprocessing = 0;
		};
		3D1917691D21A5F40076DE42 /* Resources */ = {
			isa = PBXResourcesBuildPhase;
			buildActionMask = 2147483647;
			files = (
			);
			runOnlyForDeploymentPostprocessing = 0;
		};
/* End PBXResourcesBuildPhase section */

/* Begin PBXSourcesBuildPhase section */
		3D1917481D21A5F30076DE42 /* Sources */ = {
			isa = PBXSourcesBuildPhase;
			buildActionMask = 2147483647;
			files = (
				3D1917521D21A5F30076DE42 /* ViewController.swift in Sources */,
				3D1917501D21A5F30076DE42 /* AppDelegate.swift in Sources */,
				3D1917841D21A66C0076DE42 /* SevenSegmentPanel.swift in Sources */,
				3D1917821D21A65D0076DE42 /* SevenSegmentDigit.swift in Sources */,
			);
			runOnlyForDeploymentPostprocessing = 0;
		};
		3D19175C1D21A5F40076DE42 /* Sources */ = {
			isa = PBXSourcesBuildPhase;
			buildActionMask = 2147483647;
			files = (
				3D1917651D21A5F40076DE42 /* SevenSegmentTests.swift in Sources */,
			);
			runOnlyForDeploymentPostprocessing = 0;
		};
		3D1917671D21A5F40076DE42 /* Sources */ = {
			isa = PBXSourcesBuildPhase;
			buildActionMask = 2147483647;
			files = (
				3D1917701D21A5F40076DE42 /* SevenSegmentUITests.swift in Sources */,
			);
			runOnlyForDeploymentPostprocessing = 0;
		};
/* End PBXSourcesBuildPhase section */

/* Begin PBXTargetDependency section */
		3D1917621D21A5F40076DE42 /* PBXTargetDependency */ = {
			isa = PBXTargetDependency;
			target = 3D19174B1D21A5F30076DE42 /* SevenSegment */;
			targetProxy = 3D1917611D21A5F40076DE42 /* PBXContainerItemProxy */;
		};
		3D19176D1D21A5F40076DE42 /* PBXTargetDependency */ = {
			isa = PBXTargetDependency;
			target = 3D19174B1D21A5F30076DE42 /* SevenSegment */;
			targetProxy = 3D19176C1D21A5F40076DE42 /* PBXContainerItemProxy */;
		};
/* End PBXTargetDependency section */

/* Begin PBXVariantGroup section */
		3D1917531D21A5F30076DE42 /* Main.storyboard */ = {
			isa = PBXVariantGroup;
			children = (
				3D1917541D21A5F30076DE42 /* Base */,
			);
			name = Main.storyboard;
			sourceTree = "<group>";
		};
		3D1917581D21A5F30076DE42 /* LaunchScreen.storyboard */ = {
			isa = PBXVariantGroup;
			children = (
				3D1917591D21A5F30076DE42 /* Base */,
			);
			name = LaunchScreen.storyboard;
			sourceTree = "<group>";
		};
/* End PBXVariantGroup section */

/* Begin XCBuildConfiguration section */
		3D1917721D21A5F40076DE42 /* Debug */ = {
			isa = XCBuildConfiguration;
			buildSettings = {
				ALWAYS_SEARCH_USER_PATHS = NO;
				CLANG_ANALYZER_NONNULL = YES;
				CLANG_CXX_LANGUAGE_STANDARD = "gnu++0x";
				CLANG_CXX_LIBRARY = "libc++";
				CLANG_ENABLE_MODULES = YES;
				CLANG_ENABLE_OBJC_ARC = YES;
				CLANG_WARN_BOOL_CONVERSION = YES;
				CLANG_WARN_CONSTANT_CONVERSION = YES;
				CLANG_WARN_DIRECT_OBJC_ISA_USAGE = YES_ERROR;
				CLANG_WARN_EMPTY_BODY = YES;
				CLANG_WARN_ENUM_CONVERSION = YES;
				CLANG_WARN_INT_CONVERSION = YES;
				CLANG_WARN_OBJC_ROOT_CLASS = YES_ERROR;
				CLANG_WARN_UNREACHABLE_CODE = YES;
				CLANG_WARN__DUPLICATE_METHOD_MATCH = YES;
				"CODE_SIGN_IDENTITY[sdk=iphoneos*]" = "iPhone Developer";
				COPY_PHASE_STRIP = NO;
				DEBUG_INFORMATION_FORMAT = dwarf;
				ENABLE_STRICT_OBJC_MSGSEND = YES;
				ENABLE_TESTABILITY = YES;
				GCC_C_LANGUAGE_STANDARD = gnu99;
				GCC_DYNAMIC_NO_PIC = NO;
				GCC_NO_COMMON_BLOCKS = YES;
				GCC_OPTIMIZATION_LEVEL = 0;
				GCC_PREPROCESSOR_DEFINITIONS = (
					"DEBUG=1",
					"$(inherited)",
				);
				GCC_WARN_64_TO_32_BIT_CONVERSION = YES;
				GCC_WARN_ABOUT_RETURN_TYPE = YES_ERROR;
				GCC_WARN_UNDECLARED_SELECTOR = YES;
				GCC_WARN_UNINITIALIZED_AUTOS = YES_AGGRESSIVE;
				GCC_WARN_UNUSED_FUNCTION = YES;
				GCC_WARN_UNUSED_VARIABLE = YES;
				IPHONEOS_DEPLOYMENT_TARGET = 9.3;
				MTL_ENABLE_DEBUG_INFO = YES;
				ONLY_ACTIVE_ARCH = YES;
				SDKROOT = iphoneos;
				SWIFT_OPTIMIZATION_LEVEL = "-Onone";
			};
			name = Debug;
		};
		3D1917731D21A5F40076DE42 /* Release */ = {
			isa = XCBuildConfiguration;
			buildSettings = {
				ALWAYS_SEARCH_USER_PATHS = NO;
				CLANG_ANALYZER_NONNULL = YES;
				CLANG_CXX_LANGUAGE_STANDARD = "gnu++0x";
				CLANG_CXX_LIBRARY = "libc++";
				CLANG_ENABLE_MODULES = YES;
				CLANG_ENABLE_OBJC_ARC = YES;
				CLANG_WARN_BOOL_CONVERSION = YES;
				CLANG_WARN_CONSTANT_CONVERSION = YES;
				CLANG_WARN_DIRECT_OBJC_ISA_USAGE = YES_ERROR;
				CLANG_WARN_EMPTY_BODY = YES;
				CLANG_WARN_ENUM_CONVERSION = YES;
				CLANG_WARN_INT_CONVERSION = YES;
				CLANG_WARN_OBJC_ROOT_CLASS = YES_ERROR;
				CLANG_WARN_UNREACHABLE_CODE = YES;
				CLANG_WARN__DUPLICATE_METHOD_MATCH = YES;
				"CODE_SIGN_IDENTITY[sdk=iphoneos*]" = "iPhone Developer";
				COPY_PHASE_STRIP = NO;
				DEBUG_INFORMATION_FORMAT = "dwarf-with-dsym";
				ENABLE_NS_ASSERTIONS = NO;
				ENABLE_STRICT_OBJC_MSGSEND = YES;
				GCC_C_LANGUAGE_STANDARD = gnu99;
				GCC_NO_COMMON_BLOCKS = YES;
				GCC_WARN_64_TO_32_BIT_CONVERSION = YES;
				GCC_WARN_ABOUT_RETURN_TYPE = YES_ERROR;
				GCC_WARN_UNDECLARED_SELECTOR = YES;
				GCC_WARN_UNINITIALIZED_AUTOS = YES_AGGRESSIVE;
				GCC_WARN_UNUSED_FUNCTION = YES;
				GCC_WARN_UNUSED_VARIABLE = YES;
				IPHONEOS_DEPLOYMENT_TARGET = 9.3;
				MTL_ENABLE_DEBUG_INFO = NO;
				SDKROOT = iphoneos;
				VALIDATE_PRODUCT = YES;
			};
			name = Release;
		};
		3D1917751D21A5F40076DE42 /* Debug */ = {
			isa = XCBuildConfiguration;
			buildSettings = {
				ASSETCATALOG_COMPILER_APPICON_NAME = AppIcon;
				INFOPLIST_FILE = SevenSegment/Info.plist;
				LD_RUNPATH_SEARCH_PATHS = "$(inherited) @executable_path/Frameworks";
				PRODUCT_BUNDLE_IDENTIFIER = dimo.hamdy.SevenSegment;
				PRODUCT_NAME = "$(TARGET_NAME)";
			};
			name = Debug;
		};
		3D1917761D21A5F40076DE42 /* Release */ = {
			isa = XCBuildConfiguration;
			buildSettings = {
				ASSETCATALOG_COMPILER_APPICON_NAME = AppIcon;
				INFOPLIST_FILE = SevenSegment/Info.plist;
				LD_RUNPATH_SEARCH_PATHS = "$(inherited) @executable_path/Frameworks";
				PRODUCT_BUNDLE_IDENTIFIER = dimo.hamdy.SevenSegment;
				PRODUCT_NAME = "$(TARGET_NAME)";
			};
			name = Release;
		};
		3D1917781D21A5F40076DE42 /* Debug */ = {
			isa = XCBuildConfiguration;
			buildSettings = {
				BUNDLE_LOADER = "$(TEST_HOST)";
				INFOPLIST_FILE = SevenSegmentTests/Info.plist;
				LD_RUNPATH_SEARCH_PATHS = "$(inherited) @executable_path/Frameworks @loader_path/Frameworks";
				PRODUCT_BUNDLE_IDENTIFIER = dimo.hamdy.SevenSegmentTests;
				PRODUCT_NAME = "$(TARGET_NAME)";
				TEST_HOST = "$(BUILT_PRODUCTS_DIR)/SevenSegment.app/SevenSegment";
			};
			name = Debug;
		};
		3D1917791D21A5F40076DE42 /* Release */ = {
			isa = XCBuildConfiguration;
			buildSettings = {
				BUNDLE_LOADER = "$(TEST_HOST)";
				INFOPLIST_FILE = SevenSegmentTests/Info.plist;
				LD_RUNPATH_SEARCH_PATHS = "$(inherited) @executable_path/Frameworks @loader_path/Frameworks";
				PRODUCT_BUNDLE_IDENTIFIER = dimo.hamdy.SevenSegmentTests;
				PRODUCT_NAME = "$(TARGET_NAME)";
				TEST_HOST = "$(BUILT_PRODUCTS_DIR)/SevenSegment.app/SevenSegment";
			};
			name = Release;
		};
		3D19177B1D21A5F40076DE42 /* Debug */ = {
			isa = XCBuildConfiguration;
			buildSettings = {
				INFOPLIST_FILE = SevenSegmentUITests/Info.plist;
				LD_RUNPATH_SEARCH_PATHS = "$(inherited) @executable_path/Frameworks @loader_path/Frameworks";
				PRODUCT_BUNDLE_IDENTIFIER = dimo.hamdy.SevenSegmentUITests;
				PRODUCT_NAME = "$(TARGET_NAME)";
				TEST_TARGET_NAME = SevenSegment;
			};
			name = Debug;
		};
		3D19177C1D21A5F40076DE42 /* Release */ = {
			isa = XCBuildConfiguration;
			buildSettings = {
				INFOPLIST_FILE = SevenSegmentUITests/Info.plist;
				LD_RUNPATH_SEARCH_PATHS = "$(inherited) @executable_path/Frameworks @loader_path/Frameworks";
				PRODUCT_BUNDLE_IDENTIFIER = dimo.hamdy.SevenSegmentUITests;
				PRODUCT_NAME = "$(TARGET_NAME)";
				TEST_TARGET_NAME = SevenSegment;
			};
			name = Release;
		};
/* End XCBuildConfiguration section */

/* Begin XCConfigurationList section */
		3D1917471D21A5F30076DE42 /* Build configuration list for PBXProject "SevenSegment" */ = {
			isa = XCConfigurationList;
			buildConfigurations = (
				3D1917721D21A5F40076DE42 /* Debug */,
				3D1917731D21A5F40076DE42 /* Release */,
			);
			defaultConfigurationIsVisible = 0;
			defaultConfigurationName = Release;
		};
		3D1917741D21A5F40076DE42 /* Build configuration list for PBXNativeTarget "SevenSegment" */ = {
			isa = XCConfigurationList;
			buildConfigurations = (
				3D1917751D21A5F40076DE42 /* Debug */,
				3D1917761D21A5F40076DE42 /* Release */,
			);
			defaultConfigurationIsVisible = 0;
			defaultConfigurationName = Release;
		};
		3D1917771D21A5F40076DE42 /* Build configuration list for PBXNativeTarget "SevenSegmentTests" */ = {
			isa = XCConfigurationList;
			buildConfigurations = (
				3D1917781D21A5F40076DE42 /* Debug */,
				3D1917791D21A5F40076DE42 /* Release */,
			);
			defaultConfigurationIsVisible = 0;
			defaultConfigurationName = Release;
		};
		3D19177A1D21A5F40076DE42 /* Build configuration list for PBXNativeTarget "SevenSegmentUITests" */ = {
			isa = XCConfigurationList;
			buildConfigurations = (
				3D19177B1D21A5F40076DE42 /* Debug */,
				3D19177C1D21A5F40076DE42 /* Release */,
			);
			defaultConfigurationIsVisible = 0;
			defaultConfigurationName = Release;
		};
/* End XCConfigurationList section */
	};
	rootObject = 3D1917441D21A5F30076DE42 /* Project object */;
}
